
Microsoft Visual Studio Solution File, Format Version 12.00
# Visual Studio Version 16
VisualStudioVersion = 16.0.33214.272
MinimumVisualStudioVersion = 10.0.40219.1
Project("{FAE04EC0-301F-11D3-BF4B-00C04F79EFBC}") = "Mission06_jfalagra", "Mission06_jfalagra\Mission06_jfalagra.csproj", "{561071AB-D261-420C-B4D9-08E5795B7A8E}"
EndProject
Global
	GlobalSection(SolutionConfigurationPlatforms) = preSolution
		Debug|Any CPU = Debug|Any CPU
		Release|Any CPU = Release|Any CPU
	EndGlobalSection
	GlobalSection(ProjectConfigurationPlatforms) = postSolution
		{561071AB-D261-420C-B4D9-08E5795B7A8E}.Debug|Any CPU.ActiveCfg = Debug|Any CPU
		{561071AB-D261-420C-B4D9-08E5795B7A8E}.Debug|Any CPU.Build.0 = Debug|Any CPU
		{561071AB-D261-420C-B4D9-08E5795B7A8E}.Release|Any CPU.ActiveCfg = Release|Any CPU
		{561071AB-D261-420C-B4D9-08E5795B7A8E}.Release|Any CPU.Build.0 = Release|Any CPU
	EndGlobalSection
	GlobalSection(SolutionProperties) = preSolution
		HideSolutionNode = FALSE
	EndGlobalSection
	GlobalSection(ExtensibilityGlobals) = postSolution
		SolutionGuid = {FF2E29D9-4F8A-404F-A8D8-2E86D519EED3}
	EndGlobalSection
EndGlobal
